
Microsoft Visual Studio Solution File, Format Version 12.00
# Visual Studio Version 17
Project("{FAE04EC0-301F-11D3-BF4B-00C04F79EFBC}") = "RiderIlSpy", "RiderIlSpy\RiderIlSpy.csproj", "{8B7E2A1E-3E2A-4B6F-9A11-1F2C8C7E1A01}"
EndProject
Project("{FAE04EC0-301F-11D3-BF4B-00C04F79EFBC}") = "RiderIlSpy.Tests", "RiderIlSpy.Tests\RiderIlSpy.Tests.csproj", "{7134E848-BCBD-4659-8CAD-FE158CE5C518}"
EndProject
Global
	GlobalSection(SolutionConfigurationPlatforms) = preSolution
		Debug|Any CPU = Debug|Any CPU
		Debug|x64 = Debug|x64
		Debug|x86 = Debug|x86
		Release|Any CPU = Release|Any CPU
		Release|x64 = Release|x64
		Release|x86 = Release|x86
	EndGlobalSection
	GlobalSection(ProjectConfigurationPlatforms) = postSolution
		{8B7E2A1E-3E2A-4B6F-9A11-1F2C8C7E1A01}.Debug|Any CPU.ActiveCfg = Debug|Any CPU
		{8B7E2A1E-3E2A-4B6F-9A11-1F2C8C7E1A01}.Debug|Any CPU.Build.0 = Debug|Any CPU
		{8B7E2A1E-3E2A-4B6F-9A11-1F2C8C7E1A01}.Debug|x64.ActiveCfg = Debug|Any CPU
		{8B7E2A1E-3E2A-4B6F-9A11-1F2C8C7E1A01}.Debug|x64.Build.0 = Debug|Any CPU
		{8B7E2A1E-3E2A-4B6F-9A11-1F2C8C7E1A01}.Debug|x86.ActiveCfg = Debug|Any CPU
		{8B7E2A1E-3E2A-4B6F-9A11-1F2C8C7E1A01}.Debug|x86.Build.0 = Debug|Any CPU
		{8B7E2A1E-3E2A-4B6F-9A11-1F2C8C7E1A01}.Release|Any CPU.ActiveCfg = Release|Any CPU
		{8B7E2A1E-3E2A-4B6F-9A11-1F2C8C7E1A01}.Release|Any CPU.Build.0 = Release|Any CPU
		{8B7E2A1E-3E2A-4B6F-9A11-1F2C8C7E1A01}.Release|x64.ActiveCfg = Release|Any CPU
		{8B7E2A1E-3E2A-4B6F-9A11-1F2C8C7E1A01}.Release|x64.Build.0 = Release|Any CPU
		{8B7E2A1E-3E2A-4B6F-9A11-1F2C8C7E1A01}.Release|x86.ActiveCfg = Release|Any CPU
		{8B7E2A1E-3E2A-4B6F-9A11-1F2C8C7E1A01}.Release|x86.Build.0 = Release|Any CPU
		{7134E848-BCBD-4659-8CAD-FE158CE5C518}.Debug|Any CPU.ActiveCfg = Debug|Any CPU
		{7134E848-BCBD-4659-8CAD-FE158CE5C518}.Debug|Any CPU.Build.0 = Debug|Any CPU
		{7134E848-BCBD-4659-8CAD-FE158CE5C518}.Debug|x64.ActiveCfg = Debug|Any CPU
		{7134E848-BCBD-4659-8CAD-FE158CE5C518}.Debug|x64.Build.0 = Debug|Any CPU
		{7134E848-BCBD-4659-8CAD-FE158CE5C518}.Debug|x86.ActiveCfg = Debug|Any CPU
		{7134E848-BCBD-4659-8CAD-FE158CE5C518}.Debug|x86.Build.0 = Debug|Any CPU
		{7134E848-BCBD-4659-8CAD-FE158CE5C518}.Release|Any CPU.ActiveCfg = Release|Any CPU
		{7134E848-BCBD-4659-8CAD-FE158CE5C518}.Release|Any CPU.Build.0 = Release|Any CPU
		{7134E848-BCBD-4659-8CAD-FE158CE5C518}.Release|x64.ActiveCfg = Release|Any CPU
		{7134E848-BCBD-4659-8CAD-FE158CE5C518}.Release|x64.Build.0 = Release|Any CPU
		{7134E848-BCBD-4659-8CAD-FE158CE5C518}.Release|x86.ActiveCfg = Release|Any CPU
		{7134E848-BCBD-4659-8CAD-FE158CE5C518}.Release|x86.Build.0 = Release|Any CPU
	EndGlobalSection
	GlobalSection(SolutionProperties) = preSolution
		HideSolutionNode = FALSE
	EndGlobalSection
EndGlobal
